
Microsoft Visual Studio Solution File, Format Version 12.00
# Visual Studio Version 16
VisualStudioVersion = 16.0.30011.22
MinimumVisualStudioVersion = 10.0.40219.1
Project("{9A19103F-16F7-4668-BE54-9A1E7A4F7556}") = "LIBSYS", "LIBSYS\LIBSYS.csproj", "{B816F091-6636-4C87-A7D5-1BE6784BD8A3}"
EndProject
Project("{9A19103F-16F7-4668-BE54-9A1E7A4F7556}") = "ConsoleTestThingy", "ConsoleTestThingy\ConsoleTestThingy.csproj", "{AF119836-4CD7-4B1C-A417-EB4F39AD55C1}"
EndProject
Global
	GlobalSection(SolutionConfigurationPlatforms) = preSolution
		Debug|Any CPU = Debug|Any CPU
		Release|Any CPU = Release|Any CPU
	EndGlobalSection
	GlobalSection(ProjectConfigurationPlatforms) = postSolution
		{B816F091-6636-4C87-A7D5-1BE6784BD8A3}.Debug|Any CPU.ActiveCfg = Debug|Any CPU
		{B816F091-6636-4C87-A7D5-1BE6784BD8A3}.Debug|Any CPU.Build.0 = Debug|Any CPU
		{B816F091-6636-4C87-A7D5-1BE6784BD8A3}.Release|Any CPU.ActiveCfg = Release|Any CPU
		{B816F091-6636-4C87-A7D5-1BE6784BD8A3}.Release|Any CPU.Build.0 = Release|Any CPU
		{AF119836-4CD7-4B1C-A417-EB4F39AD55C1}.Debug|Any CPU.ActiveCfg = Debug|Any CPU
		{AF119836-4CD7-4B1C-A417-EB4F39AD55C1}.Debug|Any CPU.Build.0 = Debug|Any CPU
		{AF119836-4CD7-4B1C-A417-EB4F39AD55C1}.Release|Any CPU.ActiveCfg = Release|Any CPU
		{AF119836-4CD7-4B1C-A417-EB4F39AD55C1}.Release|Any CPU.Build.0 = Release|Any CPU
	EndGlobalSection
	GlobalSection(SolutionProperties) = preSolution
		HideSolutionNode = FALSE
	EndGlobalSection
	GlobalSection(ExtensibilityGlobals) = postSolution
		SolutionGuid = {FBB1A608-57C5-4674-B619-B09EF409E066}
	EndGlobalSection
EndGlobal
